
Microsoft Visual Studio Solution File, Format Version 12.00
# Visual Studio Version 17
VisualStudioVersion = 17.11.35327.3
MinimumVisualStudioVersion = 10.0.40219.1
Project("{FAE04EC0-301F-11D3-BF4B-00C04F79EFBC}") = "TodoAppWPF", "TodoAppWPF.csproj", "{8CAF811F-7EDD-495C-99E6-3A3A2F3EA669}"
EndProject
Project("{FAE04EC0-301F-11D3-BF4B-00C04F79EFBC}") = "TodoAppWPF.Tests", "..\TodoAppWPF.Tests\TodoAppWPF.Tests.csproj", "{76222893-FCCA-4B78-B867-631291A3A31E}"
EndProject
Global
	GlobalSection(SolutionConfigurationPlatforms) = preSolution
		Debug|Any CPU = Debug|Any CPU
		Release|Any CPU = Release|Any CPU
	EndGlobalSection
	GlobalSection(ProjectConfigurationPlatforms) = postSolution
		{8CAF811F-7EDD-495C-99E6-3A3A2F3EA669}.Debug|Any CPU.ActiveCfg = Debug|Any CPU
		{8CAF811F-7EDD-495C-99E6-3A3A2F3EA669}.Debug|Any CPU.Build.0 = Debug|Any CPU
		{8CAF811F-7EDD-495C-99E6-3A3A2F3EA669}.Release|Any CPU.ActiveCfg = Release|Any CPU
		{8CAF811F-7EDD-495C-99E6-3A3A2F3EA669}.Release|Any CPU.Build.0 = Release|Any CPU
		{76222893-FCCA-4B78-B867-631291A3A31E}.Debug|Any CPU.ActiveCfg = Debug|Any CPU
		{76222893-FCCA-4B78-B867-631291A3A31E}.Debug|Any CPU.Build.0 = Debug|Any CPU
		{76222893-FCCA-4B78-B867-631291A3A31E}.Release|Any CPU.ActiveCfg = Release|Any CPU
		{76222893-FCCA-4B78-B867-631291A3A31E}.Release|Any CPU.Build.0 = Release|Any CPU
	EndGlobalSection
	GlobalSection(SolutionProperties) = preSolution
		HideSolutionNode = FALSE
	EndGlobalSection
	GlobalSection(ExtensibilityGlobals) = postSolution
		SolutionGuid = {7725A6C6-107D-4499-A77D-CB6A1B2BDFC5}
	EndGlobalSection
EndGlobal
